
Microsoft Visual Studio Solution File, Format Version 12.00
# Visual Studio Version 17
VisualStudioVersion = 17.10.34916.146
MinimumVisualStudioVersion = 10.0.40219.1
Project("{FAE04EC0-301F-11D3-BF4B-00C04F79EFBC}") = "JPEDRAZAT2", "JPEDRAZAT2.csproj", "{C5A360FE-99FF-4D98-AB59-C7E54E1FA4AA}"
EndProject
Global
	GlobalSection(SolutionConfigurationPlatforms) = preSolution
		Debug|Any CPU = Debug|Any CPU
		Release|Any CPU = Release|Any CPU
	EndGlobalSection
	GlobalSection(ProjectConfigurationPlatforms) = postSolution
		{C5A360FE-99FF-4D98-AB59-C7E54E1FA4AA}.Debug|Any CPU.ActiveCfg = Debug|Any CPU
		{C5A360FE-99FF-4D98-AB59-C7E54E1FA4AA}.Debug|Any CPU.Build.0 = Debug|Any CPU
		{C5A360FE-99FF-4D98-AB59-C7E54E1FA4AA}.Debug|Any CPU.Deploy.0 = Debug|Any CPU
		{C5A360FE-99FF-4D98-AB59-C7E54E1FA4AA}.Release|Any CPU.ActiveCfg = Release|Any CPU
		{C5A360FE-99FF-4D98-AB59-C7E54E1FA4AA}.Release|Any CPU.Build.0 = Release|Any CPU
		{C5A360FE-99FF-4D98-AB59-C7E54E1FA4AA}.Release|Any CPU.Deploy.0 = Release|Any CPU
	EndGlobalSection
	GlobalSection(SolutionProperties) = preSolution
		HideSolutionNode = FALSE
	EndGlobalSection
	GlobalSection(ExtensibilityGlobals) = postSolution
		SolutionGuid = {A7512FD6-B2B2-4855-ACE2-76B39FB0F811}
	EndGlobalSection
EndGlobal
